// !$*UTF8*$!
{
	archiveVersion = 1;
	classes = {
	};
	objectVersion = 56;
	objects = {

/* Begin PBXBuildFile section */
		BA06EECC2C187EF60098A577 /* ResultsViewController.swift in Sources */ = {isa = PBXBuildFile; fileRef = BA06EECB2C187EF60098A577 /* ResultsViewController.swift */; };
		BA3D23972C03614F006DFCDA /* AppDelegate.swift in Sources */ = {isa = PBXBuildFile; fileRef = BA3D23962C03614F006DFCDA /* AppDelegate.swift */; };
		BA3D239B2C03614F006DFCDA /* Model.swift in Sources */ = {isa = PBXBuildFile; fileRef = BA3D239A2C03614F006DFCDA /* Model.swift */; };
		BA3D23A02C036150006DFCDA /* Assets.xcassets in Resources */ = {isa = PBXBuildFile; fileRef = BA3D239F2C036150006DFCDA /* Assets.xcassets */; };
		BA3D23A32C036150006DFCDA /* Base in Resources */ = {isa = PBXBuildFile; fileRef = BA3D23A22C036150006DFCDA /* Base */; };
		BA3D23AE2C036150006DFCDA /* TestAppUIKTests.swift in Sources */ = {isa = PBXBuildFile; fileRef = BA3D23AD2C036150006DFCDA /* TestAppUIKTests.swift */; };
		BA3D23B82C036150006DFCDA /* TestAppUIKUITests.swift in Sources */ = {isa = PBXBuildFile; fileRef = BA3D23B72C036150006DFCDA /* TestAppUIKUITests.swift */; };
		BA3D23BA2C036150006DFCDA /* TestAppUIKUITestsLaunchTests.swift in Sources */ = {isa = PBXBuildFile; fileRef = BA3D23B92C036150006DFCDA /* TestAppUIKUITestsLaunchTests.swift */; };
		BA3D23C72C03626C006DFCDA /* LogInViewController.swift in Sources */ = {isa = PBXBuildFile; fileRef = BA3D23C62C03626C006DFCDA /* LogInViewController.swift */; };
		BA3D23C92C037EDB006DFCDA /* AboutCompanyViewController.swift in Sources */ = {isa = PBXBuildFile; fileRef = BA3D23C82C037EDB006DFCDA /* AboutCompanyViewController.swift */; };
		BA3D23CB2C03835B006DFCDA /* CustomTextFiled.swift in Sources */ = {isa = PBXBuildFile; fileRef = BA3D23CA2C03835B006DFCDA /* CustomTextFiled.swift */; };
		BA3D23CD2C038B4C006DFCDA /* CustomButton.swift in Sources */ = {isa = PBXBuildFile; fileRef = BA3D23CC2C038B4C006DFCDA /* CustomButton.swift */; };
		BA4960E72C3199600066ED2D /* CustomLabel.swift in Sources */ = {isa = PBXBuildFile; fileRef = BA4960E62C3199600066ED2D /* CustomLabel.swift */; };
		BA4960E92C319DA60066ED2D /* CustomSwitch.swift in Sources */ = {isa = PBXBuildFile; fileRef = BA4960E82C319DA60066ED2D /* CustomSwitch.swift */; };
		BA4960EB2C319E490066ED2D /* CustomStackView.swift in Sources */ = {isa = PBXBuildFile; fileRef = BA4960EA2C319E490066ED2D /* CustomStackView.swift */; };
		BA4DE6982C1C1F5D0028A321 /* EmployeeViewController.swift in Sources */ = {isa = PBXBuildFile; fileRef = BA4DE6972C1C1F5D0028A321 /* EmployeeViewController.swift */; };
		BA4DE69A2C1C219B0028A321 /* Extension + TableViewCell.swift in Sources */ = {isa = PBXBuildFile; fileRef = BA4DE6992C1C219B0028A321 /* Extension + TableViewCell.swift */; };
		BA4DE69C2C1C22C00028A321 /* EmployeeDetailViewController.swift in Sources */ = {isa = PBXBuildFile; fileRef = BA4DE69B2C1C22C00028A321 /* EmployeeDetailViewController.swift */; };
		BA4DE69E2C1C32A30028A321 /* UserViewController.swift in Sources */ = {isa = PBXBuildFile; fileRef = BA4DE69D2C1C32A30028A321 /* UserViewController.swift */; };
		BA94D4752C0F7E88004DF866 /* SectionHeader.swift in Sources */ = {isa = PBXBuildFile; fileRef = BA94D4742C0F7E88004DF866 /* SectionHeader.swift */; };
		BA94D4772C105B40004DF866 /* DetailProductViewController.swift in Sources */ = {isa = PBXBuildFile; fileRef = BA94D4762C105B40004DF866 /* DetailProductViewController.swift */; };
		BAA5DA972C1468220095F6F8 /* QuizViewController.swift in Sources */ = {isa = PBXBuildFile; fileRef = BAA5DA962C1468220095F6F8 /* QuizViewController.swift */; };
		BAA5DA992C15DE740095F6F8 /* QuestionsViewController.swift in Sources */ = {isa = PBXBuildFile; fileRef = BAA5DA982C15DE740095F6F8 /* QuestionsViewController.swift */; };
		BACA92132C04BA9900079927 /* ProductViewController.swift in Sources */ = {isa = PBXBuildFile; fileRef = BACA92122C04BA9900079927 /* ProductViewController.swift */; };
		BACA92152C04BB6900079927 /* TabBarViewController.swift in Sources */ = {isa = PBXBuildFile; fileRef = BACA92142C04BB6900079927 /* TabBarViewController.swift */; };
		BACA92172C05E3A900079927 /* ProductCell.swift in Sources */ = {isa = PBXBuildFile; fileRef = BACA92162C05E3A900079927 /* ProductCell.swift */; };
/* End PBXBuildFile section */

/* Begin PBXContainerItemProxy section */
		BA3D23AA2C036150006DFCDA /* PBXContainerItemProxy */ = {
			isa = PBXContainerItemProxy;
			containerPortal = BA3D238B2C03614F006DFCDA /* Project object */;
			proxyType = 1;
			remoteGlobalIDString = BA3D23922C03614F006DFCDA;
			remoteInfo = TestAppUIK;
		};
		BA3D23B42C036150006DFCDA /* PBXContainerItemProxy */ = {
			isa = PBXContainerItemProxy;
			containerPortal = BA3D238B2C03614F006DFCDA /* Project object */;
			proxyType = 1;
			remoteGlobalIDString = BA3D23922C03614F006DFCDA;
			remoteInfo = TestAppUIK;
		};
/* End PBXContainerItemProxy section */

/* Begin PBXFileReference section */
		BA06EECB2C187EF60098A577 /* ResultsViewController.swift */ = {isa = PBXFileReference; lastKnownFileType = sourcecode.swift; path = ResultsViewController.swift; sourceTree = "<group>"; };
		BA3D23932C03614F006DFCDA /* TestAppUIK.app */ = {isa = PBXFileReference; explicitFileType = wrapper.application; includeInIndex = 0; path = TestAppUIK.app; sourceTree = BUILT_PRODUCTS_DIR; };
		BA3D23962C03614F006DFCDA /* AppDelegate.swift */ = {isa = PBXFileReference; lastKnownFileType = sourcecode.swift; path = AppDelegate.swift; sourceTree = "<group>"; };
		BA3D239A2C03614F006DFCDA /* Model.swift */ = {isa = PBXFileReference; lastKnownFileType = sourcecode.swift; path = Model.swift; sourceTree = "<group>"; };
		BA3D239F2C036150006DFCDA /* Assets.xcassets */ = {isa = PBXFileReference; lastKnownFileType = folder.assetcatalog; path = Assets.xcassets; sourceTree = "<group>"; };
		BA3D23A22C036150006DFCDA /* Base */ = {isa = PBXFileReference; lastKnownFileType = file.storyboard; name = Base; path = Base.lproj/LaunchScreen.storyboard; sourceTree = "<group>"; };
		BA3D23A42C036150006DFCDA /* Info.plist */ = {isa = PBXFileReference; lastKnownFileType = text.plist.xml; path = Info.plist; sourceTree = "<group>"; };
		BA3D23A92C036150006DFCDA /* TestAppUIKTests.xctest */ = {isa = PBXFileReference; explicitFileType = wrapper.cfbundle; includeInIndex = 0; path = TestAppUIKTests.xctest; sourceTree = BUILT_PRODUCTS_DIR; };
		BA3D23AD2C036150006DFCDA /* TestAppUIKTests.swift */ = {isa = PBXFileReference; lastKnownFileType = sourcecode.swift; path = TestAppUIKTests.swift; sourceTree = "<group>"; };
		BA3D23B32C036150006DFCDA /* TestAppUIKUITests.xctest */ = {isa = PBXFileReference; explicitFileType = wrapper.cfbundle; includeInIndex = 0; path = TestAppUIKUITests.xctest; sourceTree = BUILT_PRODUCTS_DIR; };
		BA3D23B72C036150006DFCDA /* TestAppUIKUITests.swift */ = {isa = PBXFileReference; lastKnownFileType = sourcecode.swift; path = TestAppUIKUITests.swift; sourceTree = "<group>"; };
		BA3D23B92C036150006DFCDA /* TestAppUIKUITestsLaunchTests.swift */ = {isa = PBXFileReference; lastKnownFileType = sourcecode.swift; path = TestAppUIKUITestsLaunchTests.swift; sourceTree = "<group>"; };
		BA3D23C62C03626C006DFCDA /* LogInViewController.swift */ = {isa = PBXFileReference; lastKnownFileType = sourcecode.swift; path = LogInViewController.swift; sourceTree = "<group>"; };
		BA3D23C82C037EDB006DFCDA /* AboutCompanyViewController.swift */ = {isa = PBXFileReference; lastKnownFileType = sourcecode.swift; path = AboutCompanyViewController.swift; sourceTree = "<group>"; };
		BA3D23CA2C03835B006DFCDA /* CustomTextFiled.swift */ = {isa = PBXFileReference; lastKnownFileType = sourcecode.swift; path = CustomTextFiled.swift; sourceTree = "<group>"; };
		BA3D23CC2C038B4C006DFCDA /* CustomButton.swift */ = {isa = PBXFileReference; lastKnownFileType = sourcecode.swift; path = CustomButton.swift; sourceTree = "<group>"; };
		BA4960E62C3199600066ED2D /* CustomLabel.swift */ = {isa = PBXFileReference; lastKnownFileType = sourcecode.swift; path = CustomLabel.swift; sourceTree = "<group>"; };
		BA4960E82C319DA60066ED2D /* CustomSwitch.swift */ = {isa = PBXFileReference; lastKnownFileType = sourcecode.swift; path = CustomSwitch.swift; sourceTree = "<group>"; };
		BA4960EA2C319E490066ED2D /* CustomStackView.swift */ = {isa = PBXFileReference; lastKnownFileType = sourcecode.swift; path = CustomStackView.swift; sourceTree = "<group>"; };
		BA4DE6972C1C1F5D0028A321 /* EmployeeViewController.swift */ = {isa = PBXFileReference; lastKnownFileType = sourcecode.swift; path = EmployeeViewController.swift; sourceTree = "<group>"; };
		BA4DE6992C1C219B0028A321 /* Extension + TableViewCell.swift */ = {isa = PBXFileReference; lastKnownFileType = sourcecode.swift; path = "Extension + TableViewCell.swift"; sourceTree = "<group>"; };
		BA4DE69B2C1C22C00028A321 /* EmployeeDetailViewController.swift */ = {isa = PBXFileReference; lastKnownFileType = sourcecode.swift; path = EmployeeDetailViewController.swift; sourceTree = "<group>"; };
		BA4DE69D2C1C32A30028A321 /* UserViewController.swift */ = {isa = PBXFileReference; lastKnownFileType = sourcecode.swift; path = UserViewController.swift; sourceTree = "<group>"; };
		BA94D4742C0F7E88004DF866 /* SectionHeader.swift */ = {isa = PBXFileReference; lastKnownFileType = sourcecode.swift; path = SectionHeader.swift; sourceTree = "<group>"; };
		BA94D4762C105B40004DF866 /* DetailProductViewController.swift */ = {isa = PBXFileReference; lastKnownFileType = sourcecode.swift; path = DetailProductViewController.swift; sourceTree = "<group>"; };
		BAA5DA962C1468220095F6F8 /* QuizViewController.swift */ = {isa = PBXFileReference; lastKnownFileType = sourcecode.swift; path = QuizViewController.swift; sourceTree = "<group>"; };
		BAA5DA982C15DE740095F6F8 /* QuestionsViewController.swift */ = {isa = PBXFileReference; lastKnownFileType = sourcecode.swift; path = QuestionsViewController.swift; sourceTree = "<group>"; };
		BACA92122C04BA9900079927 /* ProductViewController.swift */ = {isa = PBXFileReference; lastKnownFileType = sourcecode.swift; path = ProductViewController.swift; sourceTree = "<group>"; };
		BACA92142C04BB6900079927 /* TabBarViewController.swift */ = {isa = PBXFileReference; lastKnownFileType = sourcecode.swift; path = TabBarViewController.swift; sourceTree = "<group>"; };
		BACA92162C05E3A900079927 /* ProductCell.swift */ = {isa = PBXFileReference; lastKnownFileType = sourcecode.swift; path = ProductCell.swift; sourceTree = "<group>"; };
/* End PBXFileReference section */

/* Begin PBXFrameworksBuildPhase section */
		BA3D23902C03614F006DFCDA /* Frameworks */ = {
			isa = PBXFrameworksBuildPhase;
			buildActionMask = 2147483647;
			files = (
			);
			runOnlyForDeploymentPostprocessing = 0;
		};
		BA3D23A62C036150006DFCDA /* Frameworks */ = {
			isa = PBXFrameworksBuildPhase;
			buildActionMask = 2147483647;
			files = (
			);
			runOnlyForDeploymentPostprocessing = 0;
		};
		BA3D23B02C036150006DFCDA /* Frameworks */ = {
			isa = PBXFrameworksBuildPhase;
			buildActionMask = 2147483647;
			files = (
			);
			runOnlyForDeploymentPostprocessing = 0;
		};
/* End PBXFrameworksBuildPhase section */

/* Begin PBXGroup section */
		BA3D238A2C03614F006DFCDA = {
			isa = PBXGroup;
			children = (
				BA3D23952C03614F006DFCDA /* TestAppUIK */,
				BA3D23AC2C036150006DFCDA /* TestAppUIKTests */,
				BA3D23B62C036150006DFCDA /* TestAppUIKUITests */,
				BA3D23942C03614F006DFCDA /* Products */,
			);
			sourceTree = "<group>";
		};
		BA3D23942C03614F006DFCDA /* Products */ = {
			isa = PBXGroup;
			children = (
				BA3D23932C03614F006DFCDA /* TestAppUIK.app */,
				BA3D23A92C036150006DFCDA /* TestAppUIKTests.xctest */,
				BA3D23B32C036150006DFCDA /* TestAppUIKUITests.xctest */,
			);
			name = Products;
			sourceTree = "<group>";
		};
		BA3D23952C03614F006DFCDA /* TestAppUIK */ = {
			isa = PBXGroup;
			children = (
				BA4960EC2C31C7900066ED2D /* App */,
				BA4960F22C31C80A0066ED2D /* ViewControllers */,
				BA4960F12C31C7F40066ED2D /* Views */,
				BA4960F02C31C7CE0066ED2D /* Extensions */,
				BA4960EF2C31C7C60066ED2D /* Models */,
				BA4960EE2C31C7BB0066ED2D /* Source */,
				BA4960ED2C31C79D0066ED2D /* Storyboards */,
			);
			path = TestAppUIK;
			sourceTree = "<group>";
		};
		BA3D23AC2C036150006DFCDA /* TestAppUIKTests */ = {
			isa = PBXGroup;
			children = (
				BA3D23AD2C036150006DFCDA /* TestAppUIKTests.swift */,
			);
			path = TestAppUIKTests;
			sourceTree = "<group>";
		};
		BA3D23B62C036150006DFCDA /* TestAppUIKUITests */ = {
			isa = PBXGroup;
			children = (
				BA3D23B72C036150006DFCDA /* TestAppUIKUITests.swift */,
				BA3D23B92C036150006DFCDA /* TestAppUIKUITestsLaunchTests.swift */,
			);
			path = TestAppUIKUITests;
			sourceTree = "<group>";
		};
		BA4960EC2C31C7900066ED2D /* App */ = {
			isa = PBXGroup;
			children = (
				BA3D23962C03614F006DFCDA /* AppDelegate.swift */,
				BA3D23A42C036150006DFCDA /* Info.plist */,
			);
			path = App;
			sourceTree = "<group>";
		};
		BA4960ED2C31C79D0066ED2D /* Storyboards */ = {
			isa = PBXGroup;
			children = (
				BA3D23A12C036150006DFCDA /* LaunchScreen.storyboard */,
			);
			path = Storyboards;
			sourceTree = "<group>";
		};
		BA4960EE2C31C7BB0066ED2D /* Source */ = {
			isa = PBXGroup;
			children = (
				BA3D239F2C036150006DFCDA /* Assets.xcassets */,
			);
			path = Source;
			sourceTree = "<group>";
		};
		BA4960EF2C31C7C60066ED2D /* Models */ = {
			isa = PBXGroup;
			children = (
				BA3D239A2C03614F006DFCDA /* Model.swift */,
			);
			path = Models;
			sourceTree = "<group>";
		};
		BA4960F02C31C7CE0066ED2D /* Extensions */ = {
			isa = PBXGroup;
			children = (
				BA4DE6992C1C219B0028A321 /* Extension + TableViewCell.swift */,
			);
			path = Extensions;
			sourceTree = "<group>";
		};
		BA4960F12C31C7F40066ED2D /* Views */ = {
			isa = PBXGroup;
			children = (
				BA94D4742C0F7E88004DF866 /* SectionHeader.swift */,
				BACA92142C04BB6900079927 /* TabBarViewController.swift */,
				BA3D23CA2C03835B006DFCDA /* CustomTextFiled.swift */,
				BA3D23CC2C038B4C006DFCDA /* CustomButton.swift */,
				BA4960E62C3199600066ED2D /* CustomLabel.swift */,
				BA4960E82C319DA60066ED2D /* CustomSwitch.swift */,
				BA4960EA2C319E490066ED2D /* CustomStackView.swift */,
				BACA92162C05E3A900079927 /* ProductCell.swift */,
			);
			path = Views;
			sourceTree = "<group>";
		};
		BA4960F22C31C80A0066ED2D /* ViewControllers */ = {
			isa = PBXGroup;
			children = (
				BA3D23C62C03626C006DFCDA /* LogInViewController.swift */,
				BA3D23C82C037EDB006DFCDA /* AboutCompanyViewController.swift */,
				BACA92122C04BA9900079927 /* ProductViewController.swift */,
				BA94D4762C105B40004DF866 /* DetailProductViewController.swift */,
				BAA5DA962C1468220095F6F8 /* QuizViewController.swift */,
				BAA5DA982C15DE740095F6F8 /* QuestionsViewController.swift */,
				BA06EECB2C187EF60098A577 /* ResultsViewController.swift */,
				BA4DE6972C1C1F5D0028A321 /* EmployeeViewController.swift */,
				BA4DE69B2C1C22C00028A321 /* EmployeeDetailViewController.swift */,
				BA4DE69D2C1C32A30028A321 /* UserViewController.swift */,
			);
			path = ViewControllers;
			sourceTree = "<group>";
		};
/* End PBXGroup section */

/* Begin PBXNativeTarget section */
		BA3D23922C03614F006DFCDA /* TestAppUIK */ = {
			isa = PBXNativeTarget;
			buildConfigurationList = BA3D23BD2C036150006DFCDA /* Build configuration list for PBXNativeTarget "TestAppUIK" */;
			buildPhases = (
				BA3D238F2C03614F006DFCDA /* Sources */,
				BA3D23902C03614F006DFCDA /* Frameworks */,
				BA3D23912C03614F006DFCDA /* Resources */,
			);
			buildRules = (
			);
			dependencies = (
			);
			name = TestAppUIK;
			productName = TestAppUIK;
			productReference = BA3D23932C03614F006DFCDA /* TestAppUIK.app */;
			productType = "com.apple.product-type.application";
		};
		BA3D23A82C036150006DFCDA /* TestAppUIKTests */ = {
			isa = PBXNativeTarget;
			buildConfigurationList = BA3D23C02C036150006DFCDA /* Build configuration list for PBXNativeTarget "TestAppUIKTests" */;
			buildPhases = (
				BA3D23A52C036150006DFCDA /* Sources */,
				BA3D23A62C036150006DFCDA /* Frameworks */,
				BA3D23A72C036150006DFCDA /* Resources */,
			);
			buildRules = (
			);
			dependencies = (
				BA3D23AB2C036150006DFCDA /* PBXTargetDependency */,
			);
			name = TestAppUIKTests;
			productName = TestAppUIKTests;
			productReference = BA3D23A92C036150006DFCDA /* TestAppUIKTests.xctest */;
			productType = "com.apple.product-type.bundle.unit-test";
		};
		BA3D23B22C036150006DFCDA /* TestAppUIKUITests */ = {
			isa = PBXNativeTarget;
			buildConfigurationList = BA3D23C32C036150006DFCDA /* Build configuration list for PBXNativeTarget "TestAppUIKUITests" */;
			buildPhases = (
				BA3D23AF2C036150006DFCDA /* Sources */,
				BA3D23B02C036150006DFCDA /* Frameworks */,
				BA3D23B12C036150006DFCDA /* Resources */,
			);
			buildRules = (
			);
			dependencies = (
				BA3D23B52C036150006DFCDA /* PBXTargetDependency */,
			);
			name = TestAppUIKUITests;
			productName = TestAppUIKUITests;
			productReference = BA3D23B32C036150006DFCDA /* TestAppUIKUITests.xctest */;
			productType = "com.apple.product-type.bundle.ui-testing";
		};
/* End PBXNativeTarget section */

/* Begin PBXProject section */
		BA3D238B2C03614F006DFCDA /* Project object */ = {
			isa = PBXProject;
			attributes = {
				BuildIndependentTargetsInParallel = 1;
				LastSwiftUpdateCheck = 1530;
				LastUpgradeCheck = 1530;
				TargetAttributes = {
					BA3D23922C03614F006DFCDA = {
						CreatedOnToolsVersion = 15.3;
					};
					BA3D23A82C036150006DFCDA = {
						CreatedOnToolsVersion = 15.3;
						TestTargetID = BA3D23922C03614F006DFCDA;
					};
					BA3D23B22C036150006DFCDA = {
						CreatedOnToolsVersion = 15.3;
						TestTargetID = BA3D23922C03614F006DFCDA;
					};
				};
			};
			buildConfigurationList = BA3D238E2C03614F006DFCDA /* Build configuration list for PBXProject "TestAppUIK" */;
			compatibilityVersion = "Xcode 14.0";
			developmentRegion = en;
			hasScannedForEncodings = 0;
			knownRegions = (
				en,
				Base,
			);
			mainGroup = BA3D238A2C03614F006DFCDA;
			productRefGroup = BA3D23942C03614F006DFCDA /* Products */;
			projectDirPath = "";
			projectRoot = "";
			targets = (
				BA3D23922C03614F006DFCDA /* TestAppUIK */,
				BA3D23A82C036150006DFCDA /* TestAppUIKTests */,
				BA3D23B22C036150006DFCDA /* TestAppUIKUITests */,
			);
		};
/* End PBXProject section */

/* Begin PBXResourcesBuildPhase section */
		BA3D23912C03614F006DFCDA /* Resources */ = {
			isa = PBXResourcesBuildPhase;
			buildActionMask = 2147483647;
			files = (
				BA3D23A02C036150006DFCDA /* Assets.xcassets in Resources */,
				BA3D23A32C036150006DFCDA /* Base in Resources */,
			);
			runOnlyForDeploymentPostprocessing = 0;
		};
		BA3D23A72C036150006DFCDA /* Resources */ = {
			isa = PBXResourcesBuildPhase;
			buildActionMask = 2147483647;
			files = (
			);
			runOnlyForDeploymentPostprocessing = 0;
		};
		BA3D23B12C036150006DFCDA /* Resources */ = {
			isa = PBXResourcesBuildPhase;
			buildActionMask = 2147483647;
			files = (
			);
			runOnlyForDeploymentPostprocessing = 0;
		};
/* End PBXResourcesBuildPhase section */

/* Begin PBXSourcesBuildPhase section */
		BA3D238F2C03614F006DFCDA /* Sources */ = {
			isa = PBXSourcesBuildPhase;
			buildActionMask = 2147483647;
			files = (
				BACA92152C04BB6900079927 /* TabBarViewController.swift in Sources */,
				BA4DE69E2C1C32A30028A321 /* UserViewController.swift in Sources */,
				BA4960E92C319DA60066ED2D /* CustomSwitch.swift in Sources */,
				BA4960E72C3199600066ED2D /* CustomLabel.swift in Sources */,
				BA3D23C92C037EDB006DFCDA /* AboutCompanyViewController.swift in Sources */,
				BA94D4752C0F7E88004DF866 /* SectionHeader.swift in Sources */,
				BA06EECC2C187EF60098A577 /* ResultsViewController.swift in Sources */,
				BAA5DA972C1468220095F6F8 /* QuizViewController.swift in Sources */,
				BAA5DA992C15DE740095F6F8 /* QuestionsViewController.swift in Sources */,
				BACA92132C04BA9900079927 /* ProductViewController.swift in Sources */,
				BA3D239B2C03614F006DFCDA /* Model.swift in Sources */,
				BA3D23CD2C038B4C006DFCDA /* CustomButton.swift in Sources */,
				BA3D23972C03614F006DFCDA /* AppDelegate.swift in Sources */,
				BA4DE6982C1C1F5D0028A321 /* EmployeeViewController.swift in Sources */,
				BA3D23C72C03626C006DFCDA /* LogInViewController.swift in Sources */,
				BACA92172C05E3A900079927 /* ProductCell.swift in Sources */,
				BA4DE69A2C1C219B0028A321 /* Extension + TableViewCell.swift in Sources */,
				BA94D4772C105B40004DF866 /* DetailProductViewController.swift in Sources */,
				BA4960EB2C319E490066ED2D /* CustomStackView.swift in Sources */,
				BA3D23CB2C03835B006DFCDA /* CustomTextFiled.swift in Sources */,
				BA4DE69C2C1C22C00028A321 /* EmployeeDetailViewController.swift in Sources */,
			);
			runOnlyForDeploymentPostprocessing = 0;
		};
		BA3D23A52C036150006DFCDA /* Sources */ = {
			isa = PBXSourcesBuildPhase;
			buildActionMask = 2147483647;
			files = (
				BA3D23AE2C036150006DFCDA /* TestAppUIKTests.swift in Sources */,
			);
			runOnlyForDeploymentPostprocessing = 0;
		};
		BA3D23AF2C036150006DFCDA /* Sources */ = {
			isa = PBXSourcesBuildPhase;
			buildActionMask = 2147483647;
			files = (
				BA3D23BA2C036150006DFCDA /* TestAppUIKUITestsLaunchTests.swift in Sources */,
				BA3D23B82C036150006DFCDA /* TestAppUIKUITests.swift in Sources */,
			);
			runOnlyForDeploymentPostprocessing = 0;
		};
/* End PBXSourcesBuildPhase section */

/* Begin PBXTargetDependency section */
		BA3D23AB2C036150006DFCDA /* PBXTargetDependency */ = {
			isa = PBXTargetDependency;
			target = BA3D23922C03614F006DFCDA /* TestAppUIK */;
			targetProxy = BA3D23AA2C036150006DFCDA /* PBXContainerItemProxy */;
		};
		BA3D23B52C036150006DFCDA /* PBXTargetDependency */ = {
			isa = PBXTargetDependency;
			target = BA3D23922C03614F006DFCDA /* TestAppUIK */;
			targetProxy = BA3D23B42C036150006DFCDA /* PBXContainerItemProxy */;
		};
/* End PBXTargetDependency section */

/* Begin PBXVariantGroup section */
		BA3D23A12C036150006DFCDA /* LaunchScreen.storyboard */ = {
			isa = PBXVariantGroup;
			children = (
				BA3D23A22C036150006DFCDA /* Base */,
			);
			name = LaunchScreen.storyboard;
			sourceTree = "<group>";
		};
/* End PBXVariantGroup section */

/* Begin XCBuildConfiguration section */
		BA3D23BB2C036150006DFCDA /* Debug */ = {
			isa = XCBuildConfiguration;
			buildSettings = {
				ALWAYS_SEARCH_USER_PATHS = NO;
				ASSETCATALOG_COMPILER_GENERATE_SWIFT_ASSET_SYMBOL_EXTENSIONS = YES;
				CLANG_ANALYZER_NONNULL = YES;
				CLANG_ANALYZER_NUMBER_OBJECT_CONVERSION = YES_AGGRESSIVE;
				CLANG_CXX_LANGUAGE_STANDARD = "gnu++20";
				CLANG_ENABLE_MODULES = YES;
				CLANG_ENABLE_OBJC_ARC = YES;
				CLANG_ENABLE_OBJC_WEAK = YES;
				CLANG_WARN_BLOCK_CAPTURE_AUTORELEASING = YES;
				CLANG_WARN_BOOL_CONVERSION = YES;
				CLANG_WARN_COMMA = YES;
				CLANG_WARN_CONSTANT_CONVERSION = YES;
				CLANG_WARN_DEPRECATED_OBJC_IMPLEMENTATIONS = YES;
				CLANG_WARN_DIRECT_OBJC_ISA_USAGE = YES_ERROR;
				CLANG_WARN_DOCUMENTATION_COMMENTS = YES;
				CLANG_WARN_EMPTY_BODY = YES;
				CLANG_WARN_ENUM_CONVERSION = YES;
				CLANG_WARN_INFINITE_RECURSION = YES;
				CLANG_WARN_INT_CONVERSION = YES;
				CLANG_WARN_NON_LITERAL_NULL_CONVERSION = YES;
				CLANG_WARN_OBJC_IMPLICIT_RETAIN_SELF = YES;
				CLANG_WARN_OBJC_LITERAL_CONVERSION = YES;
				CLANG_WARN_OBJC_ROOT_CLASS = YES_ERROR;
				CLANG_WARN_QUOTED_INCLUDE_IN_FRAMEWORK_HEADER = YES;
				CLANG_WARN_RANGE_LOOP_ANALYSIS = YES;
				CLANG_WARN_STRICT_PROTOTYPES = YES;
				CLANG_WARN_SUSPICIOUS_MOVE = YES;
				CLANG_WARN_UNGUARDED_AVAILABILITY = YES_AGGRESSIVE;
				CLANG_WARN_UNREACHABLE_CODE = YES;
				CLANG_WARN__DUPLICATE_METHOD_MATCH = YES;
				COPY_PHASE_STRIP = NO;
				DEBUG_INFORMATION_FORMAT = dwarf;
				ENABLE_STRICT_OBJC_MSGSEND = YES;
				ENABLE_TESTABILITY = YES;
				ENABLE_USER_SCRIPT_SANDBOXING = YES;
				GCC_C_LANGUAGE_STANDARD = gnu17;
				GCC_DYNAMIC_NO_PIC = NO;
				GCC_NO_COMMON_BLOCKS = YES;
				GCC_OPTIMIZATION_LEVEL = 0;
				GCC_PREPROCESSOR_DEFINITIONS = (
					"DEBUG=1",
					"$(inherited)",
				);
				GCC_WARN_64_TO_32_BIT_CONVERSION = YES;
				GCC_WARN_ABOUT_RETURN_TYPE = YES_ERROR;
				GCC_WARN_UNDECLARED_SELECTOR = YES;
				GCC_WARN_UNINITIALIZED_AUTOS = YES_AGGRESSIVE;
				GCC_WARN_UNUSED_FUNCTION = YES;
				GCC_WARN_UNUSED_VARIABLE = YES;
				IPHONEOS_DEPLOYMENT_TARGET = 17.4;
				LOCALIZATION_PREFERS_STRING_CATALOGS = YES;
				MTL_ENABLE_DEBUG_INFO = INCLUDE_SOURCE;
				MTL_FAST_MATH = YES;
				ONLY_ACTIVE_ARCH = YES;
				SDKROOT = iphoneos;
				SWIFT_ACTIVE_COMPILATION_CONDITIONS = "DEBUG $(inherited)";
				SWIFT_OPTIMIZATION_LEVEL = "-Onone";
			};
			name = Debug;
		};
		BA3D23BC2C036150006DFCDA /* Release */ = {
			isa = XCBuildConfiguration;
			buildSettings = {
				ALWAYS_SEARCH_USER_PATHS = NO;
				ASSETCATALOG_COMPILER_GENERATE_SWIFT_ASSET_SYMBOL_EXTENSIONS = YES;
				CLANG_ANALYZER_NONNULL = YES;
				CLANG_ANALYZER_NUMBER_OBJECT_CONVERSION = YES_AGGRESSIVE;
				CLANG_CXX_LANGUAGE_STANDARD = "gnu++20";
				CLANG_ENABLE_MODULES = YES;
				CLANG_ENABLE_OBJC_ARC = YES;
				CLANG_ENABLE_OBJC_WEAK = YES;
				CLANG_WARN_BLOCK_CAPTURE_AUTORELEASING = YES;
				CLANG_WARN_BOOL_CONVERSION = YES;
				CLANG_WARN_COMMA = YES;
				CLANG_WARN_CONSTANT_CONVERSION = YES;
				CLANG_WARN_DEPRECATED_OBJC_IMPLEMENTATIONS = YES;
				CLANG_WARN_DIRECT_OBJC_ISA_USAGE = YES_ERROR;
				CLANG_WARN_DOCUMENTATION_COMMENTS = YES;
				CLANG_WARN_EMPTY_BODY = YES;
				CLANG_WARN_ENUM_CONVERSION = YES;
				CLANG_WARN_INFINITE_RECURSION = YES;
				CLANG_WARN_INT_CONVERSION = YES;
				CLANG_WARN_NON_LITERAL_NULL_CONVERSION = YES;
				CLANG_WARN_OBJC_IMPLICIT_RETAIN_SELF = YES;
				CLANG_WARN_OBJC_LITERAL_CONVERSION = YES;
				CLANG_WARN_OBJC_ROOT_CLASS = YES_ERROR;
				CLANG_WARN_QUOTED_INCLUDE_IN_FRAMEWORK_HEADER = YES;
				CLANG_WARN_RANGE_LOOP_ANALYSIS = YES;
				CLANG_WARN_STRICT_PROTOTYPES = YES;
				CLANG_WARN_SUSPICIOUS_MOVE = YES;
				CLANG_WARN_UNGUARDED_AVAILABILITY = YES_AGGRESSIVE;
				CLANG_WARN_UNREACHABLE_CODE = YES;
				CLANG_WARN__DUPLICATE_METHOD_MATCH = YES;
				COPY_PHASE_STRIP = NO;
				DEBUG_INFORMATION_FORMAT = "dwarf-with-dsym";
				ENABLE_NS_ASSERTIONS = NO;
				ENABLE_STRICT_OBJC_MSGSEND = YES;
				ENABLE_USER_SCRIPT_SANDBOXING = YES;
				GCC_C_LANGUAGE_STANDARD = gnu17;
				GCC_NO_COMMON_BLOCKS = YES;
				GCC_WARN_64_TO_32_BIT_CONVERSION = YES;
				GCC_WARN_ABOUT_RETURN_TYPE = YES_ERROR;
				GCC_WARN_UNDECLARED_SELECTOR = YES;
				GCC_WARN_UNINITIALIZED_AUTOS = YES_AGGRESSIVE;
				GCC_WARN_UNUSED_FUNCTION = YES;
				GCC_WARN_UNUSED_VARIABLE = YES;
				IPHONEOS_DEPLOYMENT_TARGET = 17.4;
				LOCALIZATION_PREFERS_STRING_CATALOGS = YES;
				MTL_ENABLE_DEBUG_INFO = NO;
				MTL_FAST_MATH = YES;
				SDKROOT = iphoneos;
				SWIFT_COMPILATION_MODE = wholemodule;
				VALIDATE_PRODUCT = YES;
			};
			name = Release;
		};
		BA3D23BE2C036150006DFCDA /* Debug */ = {
			isa = XCBuildConfiguration;
			buildSettings = {
				ASSETCATALOG_COMPILER_APPICON_NAME = AppIcon;
				ASSETCATALOG_COMPILER_GLOBAL_ACCENT_COLOR_NAME = AccentColor;
				CODE_SIGN_STYLE = Automatic;
				CURRENT_PROJECT_VERSION = 1;
				DEVELOPMENT_TEAM = LBC2FW8GZY;
				GENERATE_INFOPLIST_FILE = YES;
				INFOPLIST_FILE = TestAppUIK/App/Info.plist;
				INFOPLIST_KEY_UIApplicationSupportsIndirectInputEvents = YES;
				INFOPLIST_KEY_UILaunchStoryboardName = LaunchScreen;
				INFOPLIST_KEY_UIStatusBarStyle = UIStatusBarStyleLightContent;
				INFOPLIST_KEY_UISupportedInterfaceOrientations = UIInterfaceOrientationPortrait;
				LD_RUNPATH_SEARCH_PATHS = (
					"$(inherited)",
					"@executable_path/Frameworks",
				);
				MARKETING_VERSION = 1.0;
				PRODUCT_BUNDLE_IDENTIFIER = ru.swiftbook.TestAppUIK;
				PRODUCT_NAME = "$(TARGET_NAME)";
				SWIFT_EMIT_LOC_STRINGS = YES;
				SWIFT_VERSION = 5.0;
				TARGETED_DEVICE_FAMILY = "1,2";
			};
			name = Debug;
		};
		BA3D23BF2C036150006DFCDA /* Release */ = {
			isa = XCBuildConfiguration;
			buildSettings = {
				ASSETCATALOG_COMPILER_APPICON_NAME = AppIcon;
				ASSETCATALOG_COMPILER_GLOBAL_ACCENT_COLOR_NAME = AccentColor;
				CODE_SIGN_STYLE = Automatic;
				CURRENT_PROJECT_VERSION = 1;
				DEVELOPMENT_TEAM = LBC2FW8GZY;
				GENERATE_INFOPLIST_FILE = YES;
				INFOPLIST_FILE = TestAppUIK/App/Info.plist;
				INFOPLIST_KEY_UIApplicationSupportsIndirectInputEvents = YES;
				INFOPLIST_KEY_UILaunchStoryboardName = LaunchScreen;
				INFOPLIST_KEY_UIStatusBarStyle = UIStatusBarStyleLightContent;
				INFOPLIST_KEY_UISupportedInterfaceOrientations = UIInterfaceOrientationPortrait;
				LD_RUNPATH_SEARCH_PATHS = (
					"$(inherited)",
					"@executable_path/Frameworks",
				);
				MARKETING_VERSION = 1.0;
				PRODUCT_BUNDLE_IDENTIFIER = ru.swiftbook.TestAppUIK;
				PRODUCT_NAME = "$(TARGET_NAME)";
				SWIFT_EMIT_LOC_STRINGS = YES;
				SWIFT_VERSION = 5.0;
				TARGETED_DEVICE_FAMILY = "1,2";
			};
			name = Release;
		};
		BA3D23C12C036150006DFCDA /* Debug */ = {
			isa = XCBuildConfiguration;
			buildSettings = {
				ALWAYS_EMBED_SWIFT_STANDARD_LIBRARIES = YES;
				BUNDLE_LOADER = "$(TEST_HOST)";
				CODE_SIGN_STYLE = Automatic;
				CURRENT_PROJECT_VERSION = 1;
				DEVELOPMENT_TEAM = LBC2FW8GZY;
				GENERATE_INFOPLIST_FILE = YES;
				IPHONEOS_DEPLOYMENT_TARGET = 17.4;
				MARKETING_VERSION = 1.0;
				PRODUCT_BUNDLE_IDENTIFIER = ru.swiftbook.TestAppUIKTests;
				PRODUCT_NAME = "$(TARGET_NAME)";
				SWIFT_EMIT_LOC_STRINGS = NO;
				SWIFT_VERSION = 5.0;
				TARGETED_DEVICE_FAMILY = "1,2";
				TEST_HOST = "$(BUILT_PRODUCTS_DIR)/TestAppUIK.app/$(BUNDLE_EXECUTABLE_FOLDER_PATH)/TestAppUIK";
			};
			name = Debug;
		};
		BA3D23C22C036150006DFCDA /* Release */ = {
			isa = XCBuildConfiguration;
			buildSettings = {
				ALWAYS_EMBED_SWIFT_STANDARD_LIBRARIES = YES;
				BUNDLE_LOADER = "$(TEST_HOST)";
				CODE_SIGN_STYLE = Automatic;
				CURRENT_PROJECT_VERSION = 1;
				DEVELOPMENT_TEAM = LBC2FW8GZY;
				GENERATE_INFOPLIST_FILE = YES;
				IPHONEOS_DEPLOYMENT_TARGET = 17.4;
				MARKETING_VERSION = 1.0;
				PRODUCT_BUNDLE_IDENTIFIER = ru.swiftbook.TestAppUIKTests;
				PRODUCT_NAME = "$(TARGET_NAME)";
				SWIFT_EMIT_LOC_STRINGS = NO;
				SWIFT_VERSION = 5.0;
				TARGETED_DEVICE_FAMILY = "1,2";
				TEST_HOST = "$(BUILT_PRODUCTS_DIR)/TestAppUIK.app/$(BUNDLE_EXECUTABLE_FOLDER_PATH)/TestAppUIK";
			};
			name = Release;
		};
		BA3D23C42C036150006DFCDA /* Debug */ = {
			isa = XCBuildConfiguration;
			buildSettings = {
				ALWAYS_EMBED_SWIFT_STANDARD_LIBRARIES = YES;
				CODE_SIGN_STYLE = Automatic;
				CURRENT_PROJECT_VERSION = 1;
				DEVELOPMENT_TEAM = LBC2FW8GZY;
				GENERATE_INFOPLIST_FILE = YES;
				MARKETING_VERSION = 1.0;
				PRODUCT_BUNDLE_IDENTIFIER = ru.swiftbook.TestAppUIKUITests;
				PRODUCT_NAME = "$(TARGET_NAME)";
				SWIFT_EMIT_LOC_STRINGS = NO;
				SWIFT_VERSION = 5.0;
				TARGETED_DEVICE_FAMILY = "1,2";
				TEST_TARGET_NAME = TestAppUIK;
			};
			name = Debug;
		};
		BA3D23C52C036150006DFCDA /* Release */ = {
			isa = XCBuildConfiguration;
			buildSettings = {
				ALWAYS_EMBED_SWIFT_STANDARD_LIBRARIES = YES;
				CODE_SIGN_STYLE = Automatic;
				CURRENT_PROJECT_VERSION = 1;
				DEVELOPMENT_TEAM = LBC2FW8GZY;
				GENERATE_INFOPLIST_FILE = YES;
				MARKETING_VERSION = 1.0;
				PRODUCT_BUNDLE_IDENTIFIER = ru.swiftbook.TestAppUIKUITests;
				PRODUCT_NAME = "$(TARGET_NAME)";
				SWIFT_EMIT_LOC_STRINGS = NO;
				SWIFT_VERSION = 5.0;
				TARGETED_DEVICE_FAMILY = "1,2";
				TEST_TARGET_NAME = TestAppUIK;
			};
			name = Release;
		};
/* End XCBuildConfiguration section */

/* Begin XCConfigurationList section */
		BA3D238E2C03614F006DFCDA /* Build configuration list for PBXProject "TestAppUIK" */ = {
			isa = XCConfigurationList;
			buildConfigurations = (
				BA3D23BB2C036150006DFCDA /* Debug */,
				BA3D23BC2C036150006DFCDA /* Release */,
			);
			defaultConfigurationIsVisible = 0;
			defaultConfigurationName = Release;
		};
		BA3D23BD2C036150006DFCDA /* Build configuration list for PBXNativeTarget "TestAppUIK" */ = {
			isa = XCConfigurationList;
			buildConfigurations = (
				BA3D23BE2C036150006DFCDA /* Debug */,
				BA3D23BF2C036150006DFCDA /* Release */,
			);
			defaultConfigurationIsVisible = 0;
			defaultConfigurationName = Release;
		};
		BA3D23C02C036150006DFCDA /* Build configuration list for PBXNativeTarget "TestAppUIKTests" */ = {
			isa = XCConfigurationList;
			buildConfigurations = (
				BA3D23C12C036150006DFCDA /* Debug */,
				BA3D23C22C036150006DFCDA /* Release */,
			);
			defaultConfigurationIsVisible = 0;
			defaultConfigurationName = Release;
		};
		BA3D23C32C036150006DFCDA /* Build configuration list for PBXNativeTarget "TestAppUIKUITests" */ = {
			isa = XCConfigurationList;
			buildConfigurations = (
				BA3D23C42C036150006DFCDA /* Debug */,
				BA3D23C52C036150006DFCDA /* Release */,
			);
			defaultConfigurationIsVisible = 0;
			defaultConfigurationName = Release;
		};
/* End XCConfigurationList section */
	};
	rootObject = BA3D238B2C03614F006DFCDA /* Project object */;
}
